
Microsoft Visual Studio Solution File, Format Version 12.00
# Visual Studio Version 16
VisualStudioVersion = 16.0.31613.86
MinimumVisualStudioVersion = 10.0.40219.1
Project("{8BC9CEB8-8B4A-11D0-8D11-00A0C91BC942}") = "HW_10", "HW_10\HW_10.vcxproj", "{BE688ADD-C62D-4809-8275-F20ACB73740A}"
EndProject
Global
	GlobalSection(SolutionConfigurationPlatforms) = preSolution
		Debug|x64 = Debug|x64
		Debug|x86 = Debug|x86
		Release|x64 = Release|x64
		Release|x86 = Release|x86
	EndGlobalSection
	GlobalSection(ProjectConfigurationPlatforms) = postSolution
		{BE688ADD-C62D-4809-8275-F20ACB73740A}.Debug|x64.ActiveCfg = Debug|x64
		{BE688ADD-C62D-4809-8275-F20ACB73740A}.Debug|x64.Build.0 = Debug|x64
		{BE688ADD-C62D-4809-8275-F20ACB73740A}.Debug|x86.ActiveCfg = Debug|Win32
		{BE688ADD-C62D-4809-8275-F20ACB73740A}.Debug|x86.Build.0 = Debug|Win32
		{BE688ADD-C62D-4809-8275-F20ACB73740A}.Release|x64.ActiveCfg = Release|x64
		{BE688ADD-C62D-4809-8275-F20ACB73740A}.Release|x64.Build.0 = Release|x64
		{BE688ADD-C62D-4809-8275-F20ACB73740A}.Release|x86.ActiveCfg = Release|Win32
		{BE688ADD-C62D-4809-8275-F20ACB73740A}.Release|x86.Build.0 = Release|Win32
	EndGlobalSection
	GlobalSection(SolutionProperties) = preSolution
		HideSolutionNode = FALSE
	EndGlobalSection
	GlobalSection(ExtensibilityGlobals) = postSolution
		SolutionGuid = {538D8268-5DD2-4E23-B285-BB35EF244DD4}
	EndGlobalSection
EndGlobal
