
Microsoft Visual Studio Solution File, Format Version 12.00
# Visual Studio Version 16
VisualStudioVersion = 16.0.31613.86
MinimumVisualStudioVersion = 10.0.40219.1
Project("{8BC9CEB8-8B4A-11D0-8D11-00A0C91BC942}") = "Lab_2-2", "Lab_2-2\Lab_2-2.vcxproj", "{3033F35A-A7B9-4326-B078-87F11334CAE5}"
EndProject
Global
	GlobalSection(SolutionConfigurationPlatforms) = preSolution
		Debug|x64 = Debug|x64
		Debug|x86 = Debug|x86
		Release|x64 = Release|x64
		Release|x86 = Release|x86
	EndGlobalSection
	GlobalSection(ProjectConfigurationPlatforms) = postSolution
		{3033F35A-A7B9-4326-B078-87F11334CAE5}.Debug|x64.ActiveCfg = Debug|x64
		{3033F35A-A7B9-4326-B078-87F11334CAE5}.Debug|x64.Build.0 = Debug|x64
		{3033F35A-A7B9-4326-B078-87F11334CAE5}.Debug|x86.ActiveCfg = Debug|Win32
		{3033F35A-A7B9-4326-B078-87F11334CAE5}.Debug|x86.Build.0 = Debug|Win32
		{3033F35A-A7B9-4326-B078-87F11334CAE5}.Release|x64.ActiveCfg = Release|x64
		{3033F35A-A7B9-4326-B078-87F11334CAE5}.Release|x64.Build.0 = Release|x64
		{3033F35A-A7B9-4326-B078-87F11334CAE5}.Release|x86.ActiveCfg = Release|Win32
		{3033F35A-A7B9-4326-B078-87F11334CAE5}.Release|x86.Build.0 = Release|Win32
	EndGlobalSection
	GlobalSection(SolutionProperties) = preSolution
		HideSolutionNode = FALSE
	EndGlobalSection
	GlobalSection(ExtensibilityGlobals) = postSolution
		SolutionGuid = {B1C7E687-7670-4E06-9001-9E2FF96AFA5B}
	EndGlobalSection
EndGlobal
