
Microsoft Visual Studio Solution File, Format Version 12.00
# Visual Studio Version 16
VisualStudioVersion = 16.0.31613.86
MinimumVisualStudioVersion = 10.0.40219.1
Project("{8BC9CEB8-8B4A-11D0-8D11-00A0C91BC942}") = "9-7_lec", "9-7_lec\9-7_lec.vcxproj", "{38C0E1DA-F405-46A2-B08B-F4F3F36CE794}"
EndProject
Global
	GlobalSection(SolutionConfigurationPlatforms) = preSolution
		Debug|x64 = Debug|x64
		Debug|x86 = Debug|x86
		Release|x64 = Release|x64
		Release|x86 = Release|x86
	EndGlobalSection
	GlobalSection(ProjectConfigurationPlatforms) = postSolution
		{38C0E1DA-F405-46A2-B08B-F4F3F36CE794}.Debug|x64.ActiveCfg = Debug|x64
		{38C0E1DA-F405-46A2-B08B-F4F3F36CE794}.Debug|x64.Build.0 = Debug|x64
		{38C0E1DA-F405-46A2-B08B-F4F3F36CE794}.Debug|x86.ActiveCfg = Debug|Win32
		{38C0E1DA-F405-46A2-B08B-F4F3F36CE794}.Debug|x86.Build.0 = Debug|Win32
		{38C0E1DA-F405-46A2-B08B-F4F3F36CE794}.Release|x64.ActiveCfg = Release|x64
		{38C0E1DA-F405-46A2-B08B-F4F3F36CE794}.Release|x64.Build.0 = Release|x64
		{38C0E1DA-F405-46A2-B08B-F4F3F36CE794}.Release|x86.ActiveCfg = Release|Win32
		{38C0E1DA-F405-46A2-B08B-F4F3F36CE794}.Release|x86.Build.0 = Release|Win32
	EndGlobalSection
	GlobalSection(SolutionProperties) = preSolution
		HideSolutionNode = FALSE
	EndGlobalSection
	GlobalSection(ExtensibilityGlobals) = postSolution
		SolutionGuid = {CE23AAA8-9F18-4D44-A656-9F4239A64A23}
	EndGlobalSection
EndGlobal
