
Microsoft Visual Studio Solution File, Format Version 12.00
# Visual Studio Version 16
VisualStudioVersion = 16.0.31613.86
MinimumVisualStudioVersion = 10.0.40219.1
Project("{8BC9CEB8-8B4A-11D0-8D11-00A0C91BC942}") = "HW_3f", "HW_3f\HW_3f.vcxproj", "{18666C80-DD0C-4180-A95A-43B93A783BED}"
EndProject
Global
	GlobalSection(SolutionConfigurationPlatforms) = preSolution
		Debug|x64 = Debug|x64
		Debug|x86 = Debug|x86
		Release|x64 = Release|x64
		Release|x86 = Release|x86
	EndGlobalSection
	GlobalSection(ProjectConfigurationPlatforms) = postSolution
		{18666C80-DD0C-4180-A95A-43B93A783BED}.Debug|x64.ActiveCfg = Debug|x64
		{18666C80-DD0C-4180-A95A-43B93A783BED}.Debug|x64.Build.0 = Debug|x64
		{18666C80-DD0C-4180-A95A-43B93A783BED}.Debug|x86.ActiveCfg = Debug|Win32
		{18666C80-DD0C-4180-A95A-43B93A783BED}.Debug|x86.Build.0 = Debug|Win32
		{18666C80-DD0C-4180-A95A-43B93A783BED}.Release|x64.ActiveCfg = Release|x64
		{18666C80-DD0C-4180-A95A-43B93A783BED}.Release|x64.Build.0 = Release|x64
		{18666C80-DD0C-4180-A95A-43B93A783BED}.Release|x86.ActiveCfg = Release|Win32
		{18666C80-DD0C-4180-A95A-43B93A783BED}.Release|x86.Build.0 = Release|Win32
	EndGlobalSection
	GlobalSection(SolutionProperties) = preSolution
		HideSolutionNode = FALSE
	EndGlobalSection
	GlobalSection(ExtensibilityGlobals) = postSolution
		SolutionGuid = {EAAA8C19-E069-4EAD-81C5-F5DEB74AD219}
	EndGlobalSection
EndGlobal
