
Microsoft Visual Studio Solution File, Format Version 12.00
# Visual Studio Version 16
VisualStudioVersion = 16.0.31613.86
MinimumVisualStudioVersion = 10.0.40219.1
Project("{8BC9CEB8-8B4A-11D0-8D11-00A0C91BC942}") = "HW_4", "HW_4\HW_4.vcxproj", "{5FA9A146-1D46-41F1-8079-4AFE62F003BA}"
EndProject
Global
	GlobalSection(SolutionConfigurationPlatforms) = preSolution
		Debug|x64 = Debug|x64
		Debug|x86 = Debug|x86
		Release|x64 = Release|x64
		Release|x86 = Release|x86
	EndGlobalSection
	GlobalSection(ProjectConfigurationPlatforms) = postSolution
		{5FA9A146-1D46-41F1-8079-4AFE62F003BA}.Debug|x64.ActiveCfg = Debug|x64
		{5FA9A146-1D46-41F1-8079-4AFE62F003BA}.Debug|x64.Build.0 = Debug|x64
		{5FA9A146-1D46-41F1-8079-4AFE62F003BA}.Debug|x86.ActiveCfg = Debug|Win32
		{5FA9A146-1D46-41F1-8079-4AFE62F003BA}.Debug|x86.Build.0 = Debug|Win32
		{5FA9A146-1D46-41F1-8079-4AFE62F003BA}.Release|x64.ActiveCfg = Release|x64
		{5FA9A146-1D46-41F1-8079-4AFE62F003BA}.Release|x64.Build.0 = Release|x64
		{5FA9A146-1D46-41F1-8079-4AFE62F003BA}.Release|x86.ActiveCfg = Release|Win32
		{5FA9A146-1D46-41F1-8079-4AFE62F003BA}.Release|x86.Build.0 = Release|Win32
	EndGlobalSection
	GlobalSection(SolutionProperties) = preSolution
		HideSolutionNode = FALSE
	EndGlobalSection
	GlobalSection(ExtensibilityGlobals) = postSolution
		SolutionGuid = {64757FFE-C4C3-459E-A993-69F4DCB889F0}
	EndGlobalSection
EndGlobal
