
Microsoft Visual Studio Solution File, Format Version 12.00
# Visual Studio Version 16
VisualStudioVersion = 16.0.31613.86
MinimumVisualStudioVersion = 10.0.40219.1
Project("{8BC9CEB8-8B4A-11D0-8D11-00A0C91BC942}") = "Lab_4", "Lab_4\Lab_4.vcxproj", "{BB5FB7A5-251D-466E-9287-470CB6EB0EC7}"
EndProject
Global
	GlobalSection(SolutionConfigurationPlatforms) = preSolution
		Debug|x64 = Debug|x64
		Debug|x86 = Debug|x86
		Release|x64 = Release|x64
		Release|x86 = Release|x86
	EndGlobalSection
	GlobalSection(ProjectConfigurationPlatforms) = postSolution
		{BB5FB7A5-251D-466E-9287-470CB6EB0EC7}.Debug|x64.ActiveCfg = Debug|x64
		{BB5FB7A5-251D-466E-9287-470CB6EB0EC7}.Debug|x64.Build.0 = Debug|x64
		{BB5FB7A5-251D-466E-9287-470CB6EB0EC7}.Debug|x86.ActiveCfg = Debug|Win32
		{BB5FB7A5-251D-466E-9287-470CB6EB0EC7}.Debug|x86.Build.0 = Debug|Win32
		{BB5FB7A5-251D-466E-9287-470CB6EB0EC7}.Release|x64.ActiveCfg = Release|x64
		{BB5FB7A5-251D-466E-9287-470CB6EB0EC7}.Release|x64.Build.0 = Release|x64
		{BB5FB7A5-251D-466E-9287-470CB6EB0EC7}.Release|x86.ActiveCfg = Release|Win32
		{BB5FB7A5-251D-466E-9287-470CB6EB0EC7}.Release|x86.Build.0 = Release|Win32
	EndGlobalSection
	GlobalSection(SolutionProperties) = preSolution
		HideSolutionNode = FALSE
	EndGlobalSection
	GlobalSection(ExtensibilityGlobals) = postSolution
		SolutionGuid = {828C0DBA-444C-4C0C-B2D9-D6C529DCCC65}
	EndGlobalSection
EndGlobal
